
Microsoft Visual Studio Solution File, Format Version 12.00
Project("{2150E333-8FDC-42A3-9474-1A3956D46DE8}") = "Core", "Core", "{FEF47F70-9351-4BD4-845C-0565FA75FCDE}"
EndProject
Project("{2150E333-8FDC-42A3-9474-1A3956D46DE8}") = "Infra", "Infra", "{CEE11234-D15C-4286-840C-CB89F88E1D76}"
EndProject
Project("{2150E333-8FDC-42A3-9474-1A3956D46DE8}") = "Uis", "Uis", "{CFAD971C-1364-4B4C-9100-A6F0E2354B98}"
EndProject
Project("{2150E333-8FDC-42A3-9474-1A3956D46DE8}") = "WebApi", "WebApi", "{0AC2D982-2FB0-45F0-ABA4-B80C946F9039}"
EndProject
Project("{FAE04EC0-301F-11D3-BF4B-00C04F79EFBC}") = "MyQuizApp.WebApi", "EndPoints\MyQuizApp.WebApi\MyQuizApp.WebApi.csproj", "{5B494924-0BA1-45B0-8C60-BC04784EA2D6}"
EndProject
Project("{FAE04EC0-301F-11D3-BF4B-00C04F79EFBC}") = "MyQuizApp.Domain", "Core\MyQuizApp.Domain\MyQuizApp.Domain.csproj", "{02D74A2E-D9D6-46BE-BAAD-CF7F257A651F}"
EndProject
Project("{FAE04EC0-301F-11D3-BF4B-00C04F79EFBC}") = "MyQuizApp.Infra", "Infra\MyQuizApp.Infra\MyQuizApp.Infra.csproj", "{D33920CE-2A93-4553-9836-3A22EAA4558C}"
EndProject
Project("{FAE04EC0-301F-11D3-BF4B-00C04F79EFBC}") = "MyQuiz.App.Web.Client", "Ui\MyQuiz.App\MyQuiz.App.Web.Client\MyQuiz.App.Web.Client.csproj", "{ABD2D295-EF9C-40DC-8067-4F6927E63FDD}"
EndProject
Project("{FAE04EC0-301F-11D3-BF4B-00C04F79EFBC}") = "MyQuiz.App.Web", "Ui\MyQuiz.App\MyQuiz.App.Web\MyQuiz.App.Web.csproj", "{ECE4AD45-E302-4F5C-BE2D-EA4697CA9E9A}"
EndProject
Project("{FAE04EC0-301F-11D3-BF4B-00C04F79EFBC}") = "MyQuiz.App.Shared", "Ui\MyQuiz.App\MyQuiz.App.Shared\MyQuiz.App.Shared.csproj", "{96CDBF89-55BA-4390-B455-BD0EAF23B82D}"
EndProject
Project("{FAE04EC0-301F-11D3-BF4B-00C04F79EFBC}") = "MyQuiz.App", "Ui\MyQuiz.App\MyQuiz.App\MyQuiz.App.csproj", "{08F561BC-78E0-41E4-ACD7-3589E49304F4}"
EndProject
Global
	GlobalSection(SolutionConfigurationPlatforms) = preSolution
		Debug|Any CPU = Debug|Any CPU
		Release|Any CPU = Release|Any CPU
	EndGlobalSection
	GlobalSection(NestedProjects) = preSolution
		{5B494924-0BA1-45B0-8C60-BC04784EA2D6} = {0AC2D982-2FB0-45F0-ABA4-B80C946F9039}
		{02D74A2E-D9D6-46BE-BAAD-CF7F257A651F} = {FEF47F70-9351-4BD4-845C-0565FA75FCDE}
		{D33920CE-2A93-4553-9836-3A22EAA4558C} = {CEE11234-D15C-4286-840C-CB89F88E1D76}
		{ABD2D295-EF9C-40DC-8067-4F6927E63FDD} = {CFAD971C-1364-4B4C-9100-A6F0E2354B98}
		{ECE4AD45-E302-4F5C-BE2D-EA4697CA9E9A} = {CFAD971C-1364-4B4C-9100-A6F0E2354B98}
		{96CDBF89-55BA-4390-B455-BD0EAF23B82D} = {CFAD971C-1364-4B4C-9100-A6F0E2354B98}
		{08F561BC-78E0-41E4-ACD7-3589E49304F4} = {CFAD971C-1364-4B4C-9100-A6F0E2354B98}
	EndGlobalSection
	GlobalSection(ProjectConfigurationPlatforms) = postSolution
		{5B494924-0BA1-45B0-8C60-BC04784EA2D6}.Debug|Any CPU.ActiveCfg = Debug|Any CPU
		{5B494924-0BA1-45B0-8C60-BC04784EA2D6}.Debug|Any CPU.Build.0 = Debug|Any CPU
		{5B494924-0BA1-45B0-8C60-BC04784EA2D6}.Release|Any CPU.ActiveCfg = Release|Any CPU
		{5B494924-0BA1-45B0-8C60-BC04784EA2D6}.Release|Any CPU.Build.0 = Release|Any CPU
		{02D74A2E-D9D6-46BE-BAAD-CF7F257A651F}.Debug|Any CPU.ActiveCfg = Debug|Any CPU
		{02D74A2E-D9D6-46BE-BAAD-CF7F257A651F}.Debug|Any CPU.Build.0 = Debug|Any CPU
		{02D74A2E-D9D6-46BE-BAAD-CF7F257A651F}.Release|Any CPU.ActiveCfg = Release|Any CPU
		{02D74A2E-D9D6-46BE-BAAD-CF7F257A651F}.Release|Any CPU.Build.0 = Release|Any CPU
		{D33920CE-2A93-4553-9836-3A22EAA4558C}.Debug|Any CPU.ActiveCfg = Debug|Any CPU
		{D33920CE-2A93-4553-9836-3A22EAA4558C}.Debug|Any CPU.Build.0 = Debug|Any CPU
		{D33920CE-2A93-4553-9836-3A22EAA4558C}.Release|Any CPU.ActiveCfg = Release|Any CPU
		{D33920CE-2A93-4553-9836-3A22EAA4558C}.Release|Any CPU.Build.0 = Release|Any CPU
		{ABD2D295-EF9C-40DC-8067-4F6927E63FDD}.Debug|Any CPU.ActiveCfg = Debug|Any CPU
		{ABD2D295-EF9C-40DC-8067-4F6927E63FDD}.Debug|Any CPU.Build.0 = Debug|Any CPU
		{ABD2D295-EF9C-40DC-8067-4F6927E63FDD}.Release|Any CPU.ActiveCfg = Release|Any CPU
		{ABD2D295-EF9C-40DC-8067-4F6927E63FDD}.Release|Any CPU.Build.0 = Release|Any CPU
		{ECE4AD45-E302-4F5C-BE2D-EA4697CA9E9A}.Debug|Any CPU.ActiveCfg = Debug|Any CPU
		{ECE4AD45-E302-4F5C-BE2D-EA4697CA9E9A}.Debug|Any CPU.Build.0 = Debug|Any CPU
		{ECE4AD45-E302-4F5C-BE2D-EA4697CA9E9A}.Release|Any CPU.ActiveCfg = Release|Any CPU
		{ECE4AD45-E302-4F5C-BE2D-EA4697CA9E9A}.Release|Any CPU.Build.0 = Release|Any CPU
		{96CDBF89-55BA-4390-B455-BD0EAF23B82D}.Debug|Any CPU.ActiveCfg = Debug|Any CPU
		{96CDBF89-55BA-4390-B455-BD0EAF23B82D}.Debug|Any CPU.Build.0 = Debug|Any CPU
		{96CDBF89-55BA-4390-B455-BD0EAF23B82D}.Release|Any CPU.ActiveCfg = Release|Any CPU
		{96CDBF89-55BA-4390-B455-BD0EAF23B82D}.Release|Any CPU.Build.0 = Release|Any CPU
		{08F561BC-78E0-41E4-ACD7-3589E49304F4}.Debug|Any CPU.ActiveCfg = Debug|Any CPU
		{08F561BC-78E0-41E4-ACD7-3589E49304F4}.Debug|Any CPU.Build.0 = Debug|Any CPU
		{08F561BC-78E0-41E4-ACD7-3589E49304F4}.Release|Any CPU.ActiveCfg = Release|Any CPU
		{08F561BC-78E0-41E4-ACD7-3589E49304F4}.Release|Any CPU.Build.0 = Release|Any CPU
	EndGlobalSection
EndGlobal
