
Microsoft Visual Studio Solution File, Format Version 12.00
Project("{2150E333-8FDC-42A3-9474-1A3956D46DE8}") = "Core", "Core", "{FEF47F70-9351-4BD4-845C-0565FA75FCDE}"
EndProject
Project("{2150E333-8FDC-42A3-9474-1A3956D46DE8}") = "Infra", "Infra", "{CEE11234-D15C-4286-840C-CB89F88E1D76}"
	ProjectSection(SolutionItems) = preProject
		Infra\MyQuizApp.Infra\MyQuizApp.Infra.csproj = Infra\MyQuizApp.Infra\MyQuizApp.Infra.csproj
	EndProjectSection
EndProject
Project("{2150E333-8FDC-42A3-9474-1A3956D46DE8}") = "WebUi", "WebUi", "{CFAD971C-1364-4B4C-9100-A6F0E2354B98}"
EndProject
Project("{2150E333-8FDC-42A3-9474-1A3956D46DE8}") = "Maui", "Maui", "{ACDAC7DF-1D7D-4A47-837F-423F48CB45A0}"
EndProject
Project("{2150E333-8FDC-42A3-9474-1A3956D46DE8}") = "Componenets", "Componenets", "{D37F5EAA-FF45-4843-BC2C-3FA39DAA95FF}"
EndProject
Project("{2150E333-8FDC-42A3-9474-1A3956D46DE8}") = "WebApi", "WebApi", "{0AC2D982-2FB0-45F0-ABA4-B80C946F9039}"
EndProject
Project("{FAE04EC0-301F-11D3-BF4B-00C04F79EFBC}") = "MyQuizApp.Components", "Shared\MyQuizApp.Components\MyQuizApp.Components.csproj", "{15D3271C-14C2-4ABD-B956-35CBB844B745}"
EndProject
Project("{FAE04EC0-301F-11D3-BF4B-00C04F79EFBC}") = "MyQuizApp.WebApi", "EndPoints\MyQuizApp.WebApi\MyQuizApp.WebApi.csproj", "{5B494924-0BA1-45B0-8C60-BC04784EA2D6}"
EndProject
Project("{FAE04EC0-301F-11D3-BF4B-00C04F79EFBC}") = "MyQuizApp.Web", "Ui\Web\MyQuizApp.Web\MyQuizApp.Web.csproj", "{0F2ACEF2-A46C-4EB1-97DD-F8F986C6B31C}"
EndProject
Project("{FAE04EC0-301F-11D3-BF4B-00C04F79EFBC}") = "MyQuizApp.Client", "Ui\Web\MyQuizApp.Client\MyQuizApp.Client.csproj", "{4E29BF4D-B697-4977-885E-2B93AC703648}"
EndProject
Project("{FAE04EC0-301F-11D3-BF4B-00C04F79EFBC}") = "MyQuizApp.App", "Ui\Devices\MyQuizApp.App\MyQuizApp.App.csproj", "{9EFEF39B-F0B7-4325-9836-C6035B0B5361}"
EndProject
Project("{FAE04EC0-301F-11D3-BF4B-00C04F79EFBC}") = "MyQuizApp.Domain", "Core\MyQuizApp.Domain\MyQuizApp.Domain.csproj", "{02D74A2E-D9D6-46BE-BAAD-CF7F257A651F}"
EndProject
Global
	GlobalSection(SolutionConfigurationPlatforms) = preSolution
		Debug|Any CPU = Debug|Any CPU
		Release|Any CPU = Release|Any CPU
	EndGlobalSection
	GlobalSection(NestedProjects) = preSolution
		{15D3271C-14C2-4ABD-B956-35CBB844B745} = {D37F5EAA-FF45-4843-BC2C-3FA39DAA95FF}
		{5B494924-0BA1-45B0-8C60-BC04784EA2D6} = {0AC2D982-2FB0-45F0-ABA4-B80C946F9039}
		{0F2ACEF2-A46C-4EB1-97DD-F8F986C6B31C} = {CFAD971C-1364-4B4C-9100-A6F0E2354B98}
		{4E29BF4D-B697-4977-885E-2B93AC703648} = {CFAD971C-1364-4B4C-9100-A6F0E2354B98}
		{9EFEF39B-F0B7-4325-9836-C6035B0B5361} = {ACDAC7DF-1D7D-4A47-837F-423F48CB45A0}
		{02D74A2E-D9D6-46BE-BAAD-CF7F257A651F} = {FEF47F70-9351-4BD4-845C-0565FA75FCDE}
	EndGlobalSection
	GlobalSection(ProjectConfigurationPlatforms) = postSolution
		{15D3271C-14C2-4ABD-B956-35CBB844B745}.Debug|Any CPU.ActiveCfg = Debug|Any CPU
		{15D3271C-14C2-4ABD-B956-35CBB844B745}.Debug|Any CPU.Build.0 = Debug|Any CPU
		{15D3271C-14C2-4ABD-B956-35CBB844B745}.Release|Any CPU.ActiveCfg = Release|Any CPU
		{15D3271C-14C2-4ABD-B956-35CBB844B745}.Release|Any CPU.Build.0 = Release|Any CPU
		{5B494924-0BA1-45B0-8C60-BC04784EA2D6}.Debug|Any CPU.ActiveCfg = Debug|Any CPU
		{5B494924-0BA1-45B0-8C60-BC04784EA2D6}.Debug|Any CPU.Build.0 = Debug|Any CPU
		{5B494924-0BA1-45B0-8C60-BC04784EA2D6}.Release|Any CPU.ActiveCfg = Release|Any CPU
		{5B494924-0BA1-45B0-8C60-BC04784EA2D6}.Release|Any CPU.Build.0 = Release|Any CPU
		{0F2ACEF2-A46C-4EB1-97DD-F8F986C6B31C}.Debug|Any CPU.ActiveCfg = Debug|Any CPU
		{0F2ACEF2-A46C-4EB1-97DD-F8F986C6B31C}.Debug|Any CPU.Build.0 = Debug|Any CPU
		{0F2ACEF2-A46C-4EB1-97DD-F8F986C6B31C}.Release|Any CPU.ActiveCfg = Release|Any CPU
		{0F2ACEF2-A46C-4EB1-97DD-F8F986C6B31C}.Release|Any CPU.Build.0 = Release|Any CPU
		{4E29BF4D-B697-4977-885E-2B93AC703648}.Debug|Any CPU.ActiveCfg = Debug|Any CPU
		{4E29BF4D-B697-4977-885E-2B93AC703648}.Debug|Any CPU.Build.0 = Debug|Any CPU
		{4E29BF4D-B697-4977-885E-2B93AC703648}.Release|Any CPU.ActiveCfg = Release|Any CPU
		{4E29BF4D-B697-4977-885E-2B93AC703648}.Release|Any CPU.Build.0 = Release|Any CPU
		{9EFEF39B-F0B7-4325-9836-C6035B0B5361}.Debug|Any CPU.ActiveCfg = Debug|Any CPU
		{9EFEF39B-F0B7-4325-9836-C6035B0B5361}.Debug|Any CPU.Build.0 = Debug|Any CPU
		{9EFEF39B-F0B7-4325-9836-C6035B0B5361}.Release|Any CPU.ActiveCfg = Release|Any CPU
		{9EFEF39B-F0B7-4325-9836-C6035B0B5361}.Release|Any CPU.Build.0 = Release|Any CPU
		{02D74A2E-D9D6-46BE-BAAD-CF7F257A651F}.Debug|Any CPU.ActiveCfg = Debug|Any CPU
		{02D74A2E-D9D6-46BE-BAAD-CF7F257A651F}.Debug|Any CPU.Build.0 = Debug|Any CPU
		{02D74A2E-D9D6-46BE-BAAD-CF7F257A651F}.Release|Any CPU.ActiveCfg = Release|Any CPU
		{02D74A2E-D9D6-46BE-BAAD-CF7F257A651F}.Release|Any CPU.Build.0 = Release|Any CPU
	EndGlobalSection
EndGlobal
